
Microsoft Visual Studio Solution File, Format Version 12.00
# Visual Studio 15
VisualStudioVersion = 15.0.28307.136
MinimumVisualStudioVersion = 10.0.40219.1
Project("{FAE04EC0-301F-11D3-BF4B-00C04F79EFBC}") = "Web", "FSBlog2019\Web.csproj", "{A3F792CE-7195-4082-B919-402A98558377}"
EndProject
Project("{FAE04EC0-301F-11D3-BF4B-00C04F79EFBC}") = "ApplicationCore", "ApplicationCore\ApplicationCore.csproj", "{0FDD8FCE-9C48-4D21-823E-E698B56F35B6}"
EndProject
Project("{FAE04EC0-301F-11D3-BF4B-00C04F79EFBC}") = "Architecture", "Architecture\Architecture.csproj", "{E854CD8E-799A-46A9-ACF3-A57666060AC7}"
EndProject
Global
	GlobalSection(SolutionConfigurationPlatforms) = preSolution
		Debug|Any CPU = Debug|Any CPU
		Release|Any CPU = Release|Any CPU
	EndGlobalSection
	GlobalSection(ProjectConfigurationPlatforms) = postSolution
		{A3F792CE-7195-4082-B919-402A98558377}.Debug|Any CPU.ActiveCfg = Debug|Any CPU
		{A3F792CE-7195-4082-B919-402A98558377}.Debug|Any CPU.Build.0 = Debug|Any CPU
		{A3F792CE-7195-4082-B919-402A98558377}.Release|Any CPU.ActiveCfg = Release|Any CPU
		{A3F792CE-7195-4082-B919-402A98558377}.Release|Any CPU.Build.0 = Release|Any CPU
		{0FDD8FCE-9C48-4D21-823E-E698B56F35B6}.Debug|Any CPU.ActiveCfg = Debug|Any CPU
		{0FDD8FCE-9C48-4D21-823E-E698B56F35B6}.Debug|Any CPU.Build.0 = Debug|Any CPU
		{0FDD8FCE-9C48-4D21-823E-E698B56F35B6}.Release|Any CPU.ActiveCfg = Release|Any CPU
		{0FDD8FCE-9C48-4D21-823E-E698B56F35B6}.Release|Any CPU.Build.0 = Release|Any CPU
		{E854CD8E-799A-46A9-ACF3-A57666060AC7}.Debug|Any CPU.ActiveCfg = Debug|Any CPU
		{E854CD8E-799A-46A9-ACF3-A57666060AC7}.Debug|Any CPU.Build.0 = Debug|Any CPU
		{E854CD8E-799A-46A9-ACF3-A57666060AC7}.Release|Any CPU.ActiveCfg = Release|Any CPU
		{E854CD8E-799A-46A9-ACF3-A57666060AC7}.Release|Any CPU.Build.0 = Release|Any CPU
	EndGlobalSection
	GlobalSection(SolutionProperties) = preSolution
		HideSolutionNode = FALSE
	EndGlobalSection
	GlobalSection(ExtensibilityGlobals) = postSolution
		SolutionGuid = {509D9D75-BDEA-4BC2-A4AF-14E1AC054ED2}
	EndGlobalSection
EndGlobal
